
Microsoft Visual Studio Solution File, Format Version 12.00
# Visual Studio Version 17
VisualStudioVersion = 17.5.33516.290
MinimumVisualStudioVersion = 10.0.40219.1
Project("{FAE04EC0-301F-11D3-BF4B-00C04F79EFBC}") = "Ticari_Otomasyon", "Ticari_Otomasyon\Ticari_Otomasyon.csproj", "{787D3242-9769-43F5-AEF7-FEA149CE528A}"
EndProject
Global
	GlobalSection(SolutionConfigurationPlatforms) = preSolution
		Debug|Any CPU = Debug|Any CPU
		Release|Any CPU = Release|Any CPU
	EndGlobalSection
	GlobalSection(ProjectConfigurationPlatforms) = postSolution
		{787D3242-9769-43F5-AEF7-FEA149CE528A}.Debug|Any CPU.ActiveCfg = Debug|Any CPU
		{787D3242-9769-43F5-AEF7-FEA149CE528A}.Debug|Any CPU.Build.0 = Debug|Any CPU
		{787D3242-9769-43F5-AEF7-FEA149CE528A}.Release|Any CPU.ActiveCfg = Release|Any CPU
		{787D3242-9769-43F5-AEF7-FEA149CE528A}.Release|Any CPU.Build.0 = Release|Any CPU
	EndGlobalSection
	GlobalSection(SolutionProperties) = preSolution
		HideSolutionNode = FALSE
	EndGlobalSection
	GlobalSection(ExtensibilityGlobals) = postSolution
		SolutionGuid = {5F705698-E5C6-4779-A1E0-865F1BA252A3}
	EndGlobalSection
EndGlobal
